// !$*UTF8*$!
{
	archiveVersion = 1;
	classes = {
	};
	objectVersion = 55;
	objects = {

/* Begin PBXBuildFile section */
		2360D215297430DD00837382 /* FirebaseAnalytics in Frameworks */ = {isa = PBXBuildFile; productRef = 2360D214297430DD00837382 /* FirebaseAnalytics */; };
		2360D217297430DD00837382 /* FirebaseAuth in Frameworks */ = {isa = PBXBuildFile; productRef = 2360D216297430DD00837382 /* FirebaseAuth */; };
		2360D219297430DD00837382 /* FirebaseFirestore in Frameworks */ = {isa = PBXBuildFile; productRef = 2360D218297430DD00837382 /* FirebaseFirestore */; };
		2360D21B297430DD00837382 /* FirebaseMessaging in Frameworks */ = {isa = PBXBuildFile; productRef = 2360D21A297430DD00837382 /* FirebaseMessaging */; };
		2360D21D297430DD00837382 /* FirebaseStorage in Frameworks */ = {isa = PBXBuildFile; productRef = 2360D21C297430DD00837382 /* FirebaseStorage */; };
		2360D21F2976D19600837382 /* CircleImage.swift in Sources */ = {isa = PBXBuildFile; fileRef = 2360D21E2976D19600837382 /* CircleImage.swift */; };
		2360D2212976D32800837382 /* MapView.swift in Sources */ = {isa = PBXBuildFile; fileRef = 2360D2202976D32800837382 /* MapView.swift */; };
		2360D2232976D39A00837382 /* Landmark.swift in Sources */ = {isa = PBXBuildFile; fileRef = 2360D2222976D39A00837382 /* Landmark.swift */; };
		2360D2252976D3D000837382 /* ModelData.swift in Sources */ = {isa = PBXBuildFile; fileRef = 2360D2242976D3D000837382 /* ModelData.swift */; };
		2360D2282976D44200837382 /* landmarkData.json in Resources */ = {isa = PBXBuildFile; fileRef = 2360D2272976D44200837382 /* landmarkData.json */; };
		2360D22C2976D4CA00837382 /* LandmarkRow.swift in Sources */ = {isa = PBXBuildFile; fileRef = 2360D22B2976D4CA00837382 /* LandmarkRow.swift */; };
		2360D22E2976D55500837382 /* LandmarkList.swift in Sources */ = {isa = PBXBuildFile; fileRef = 2360D22D2976D55500837382 /* LandmarkList.swift */; };
		2360D2302976D5D600837382 /* LandmarkDetail.swift in Sources */ = {isa = PBXBuildFile; fileRef = 2360D22F2976D5D600837382 /* LandmarkDetail.swift */; };
		2360D2342976E96E00837382 /* FavoriteButton.swift in Sources */ = {isa = PBXBuildFile; fileRef = 2360D2332976E96E00837382 /* FavoriteButton.swift */; };
		2360D23B29779AD700837382 /* UsersRepository.swift in Sources */ = {isa = PBXBuildFile; fileRef = 2360D23A29779AD700837382 /* UsersRepository.swift */; };
		2360D23E29779B7600837382 /* FirebaseFirestoreSwift in Frameworks */ = {isa = PBXBuildFile; productRef = 2360D23D29779B7600837382 /* FirebaseFirestoreSwift */; };
		2360D24029779C6800837382 /* User.swift in Sources */ = {isa = PBXBuildFile; fileRef = 2360D23F29779C6800837382 /* User.swift */; };
		2360D2422979223D00837382 /* InputViewModel.swift in Sources */ = {isa = PBXBuildFile; fileRef = 2360D2412979223D00837382 /* InputViewModel.swift */; };
		2360D244297BDAC600837382 /* Weight.swift in Sources */ = {isa = PBXBuildFile; fileRef = 2360D243297BDAC600837382 /* Weight.swift */; };
		2360D246297BDE5F00837382 /* WeightsRepository.swift in Sources */ = {isa = PBXBuildFile; fileRef = 2360D245297BDE5F00837382 /* WeightsRepository.swift */; };
		23A1F46A2974281F008098C6 /* SpartaWeightManagementApp.swift in Sources */ = {isa = PBXBuildFile; fileRef = 23A1F4692974281F008098C6 /* SpartaWeightManagementApp.swift */; };
		23A1F46C2974281F008098C6 /* ContentView.swift in Sources */ = {isa = PBXBuildFile; fileRef = 23A1F46B2974281F008098C6 /* ContentView.swift */; };
		23A1F46E29742820008098C6 /* Assets.xcassets in Resources */ = {isa = PBXBuildFile; fileRef = 23A1F46D29742820008098C6 /* Assets.xcassets */; };
		23A1F47129742820008098C6 /* Preview Assets.xcassets in Resources */ = {isa = PBXBuildFile; fileRef = 23A1F47029742820008098C6 /* Preview Assets.xcassets */; };
		23A1F47B29742820008098C6 /* SpartaWeightManagementTests.swift in Sources */ = {isa = PBXBuildFile; fileRef = 23A1F47A29742820008098C6 /* SpartaWeightManagementTests.swift */; };
		23A1F48529742820008098C6 /* SpartaWeightManagementUITests.swift in Sources */ = {isa = PBXBuildFile; fileRef = 23A1F48429742820008098C6 /* SpartaWeightManagementUITests.swift */; };
		23A1F48729742820008098C6 /* SpartaWeightManagementUITestsLaunchTests.swift in Sources */ = {isa = PBXBuildFile; fileRef = 23A1F48629742820008098C6 /* SpartaWeightManagementUITestsLaunchTests.swift */; };
		23A1F49429742AED008098C6 /* InputView.swift in Sources */ = {isa = PBXBuildFile; fileRef = 23A1F49329742AED008098C6 /* InputView.swift */; };
		23A1F49629742AFE008098C6 /* GraphView.swift in Sources */ = {isa = PBXBuildFile; fileRef = 23A1F49529742AFE008098C6 /* GraphView.swift */; };
		23A1F49829742B74008098C6 /* TopView.swift in Sources */ = {isa = PBXBuildFile; fileRef = 23A1F49729742B74008098C6 /* TopView.swift */; };
		23A1F49C29742F4E008098C6 /* GoogleService-Info.plist in Resources */ = {isa = PBXBuildFile; fileRef = 23A1F49B29742F4E008098C6 /* GoogleService-Info.plist */; };
/* End PBXBuildFile section */

/* Begin PBXContainerItemProxy section */
		23A1F47729742820008098C6 /* PBXContainerItemProxy */ = {
			isa = PBXContainerItemProxy;
			containerPortal = 23A1F45E2974281F008098C6 /* Project object */;
			proxyType = 1;
			remoteGlobalIDString = 23A1F4652974281F008098C6;
			remoteInfo = SpartaWeightManagement;
		};
		23A1F48129742820008098C6 /* PBXContainerItemProxy */ = {
			isa = PBXContainerItemProxy;
			containerPortal = 23A1F45E2974281F008098C6 /* Project object */;
			proxyType = 1;
			remoteGlobalIDString = 23A1F4652974281F008098C6;
			remoteInfo = SpartaWeightManagement;
		};
/* End PBXContainerItemProxy section */

/* Begin PBXFileReference section */
		2360D21E2976D19600837382 /* CircleImage.swift */ = {isa = PBXFileReference; lastKnownFileType = sourcecode.swift; path = CircleImage.swift; sourceTree = "<group>"; };
		2360D2202976D32800837382 /* MapView.swift */ = {isa = PBXFileReference; lastKnownFileType = sourcecode.swift; path = MapView.swift; sourceTree = "<group>"; };
		2360D2222976D39A00837382 /* Landmark.swift */ = {isa = PBXFileReference; lastKnownFileType = sourcecode.swift; path = Landmark.swift; sourceTree = "<group>"; };
		2360D2242976D3D000837382 /* ModelData.swift */ = {isa = PBXFileReference; lastKnownFileType = sourcecode.swift; path = ModelData.swift; sourceTree = "<group>"; };
		2360D2272976D44200837382 /* landmarkData.json */ = {isa = PBXFileReference; fileEncoding = 4; lastKnownFileType = text.json; path = landmarkData.json; sourceTree = "<group>"; };
		2360D22B2976D4CA00837382 /* LandmarkRow.swift */ = {isa = PBXFileReference; lastKnownFileType = sourcecode.swift; path = LandmarkRow.swift; sourceTree = "<group>"; };
		2360D22D2976D55500837382 /* LandmarkList.swift */ = {isa = PBXFileReference; lastKnownFileType = sourcecode.swift; path = LandmarkList.swift; sourceTree = "<group>"; };
		2360D22F2976D5D600837382 /* LandmarkDetail.swift */ = {isa = PBXFileReference; lastKnownFileType = sourcecode.swift; path = LandmarkDetail.swift; sourceTree = "<group>"; };
		2360D2332976E96E00837382 /* FavoriteButton.swift */ = {isa = PBXFileReference; lastKnownFileType = sourcecode.swift; path = FavoriteButton.swift; sourceTree = "<group>"; };
		2360D23A29779AD700837382 /* UsersRepository.swift */ = {isa = PBXFileReference; lastKnownFileType = sourcecode.swift; path = UsersRepository.swift; sourceTree = "<group>"; };
		2360D23F29779C6800837382 /* User.swift */ = {isa = PBXFileReference; lastKnownFileType = sourcecode.swift; path = User.swift; sourceTree = "<group>"; };
		2360D2412979223D00837382 /* InputViewModel.swift */ = {isa = PBXFileReference; lastKnownFileType = sourcecode.swift; path = InputViewModel.swift; sourceTree = "<group>"; };
		2360D243297BDAC600837382 /* Weight.swift */ = {isa = PBXFileReference; lastKnownFileType = sourcecode.swift; path = Weight.swift; sourceTree = "<group>"; };
		2360D245297BDE5F00837382 /* WeightsRepository.swift */ = {isa = PBXFileReference; lastKnownFileType = sourcecode.swift; path = WeightsRepository.swift; sourceTree = "<group>"; };
		23A1F4662974281F008098C6 /* SpartaWeightManagement.app */ = {isa = PBXFileReference; explicitFileType = wrapper.application; includeInIndex = 0; path = SpartaWeightManagement.app; sourceTree = BUILT_PRODUCTS_DIR; };
		23A1F4692974281F008098C6 /* SpartaWeightManagementApp.swift */ = {isa = PBXFileReference; lastKnownFileType = sourcecode.swift; path = SpartaWeightManagementApp.swift; sourceTree = "<group>"; };
		23A1F46B2974281F008098C6 /* ContentView.swift */ = {isa = PBXFileReference; lastKnownFileType = sourcecode.swift; path = ContentView.swift; sourceTree = "<group>"; };
		23A1F46D29742820008098C6 /* Assets.xcassets */ = {isa = PBXFileReference; lastKnownFileType = folder.assetcatalog; path = Assets.xcassets; sourceTree = "<group>"; };
		23A1F47029742820008098C6 /* Preview Assets.xcassets */ = {isa = PBXFileReference; lastKnownFileType = folder.assetcatalog; path = "Preview Assets.xcassets"; sourceTree = "<group>"; };
		23A1F47629742820008098C6 /* SpartaWeightManagementTests.xctest */ = {isa = PBXFileReference; explicitFileType = wrapper.cfbundle; includeInIndex = 0; path = SpartaWeightManagementTests.xctest; sourceTree = BUILT_PRODUCTS_DIR; };
		23A1F47A29742820008098C6 /* SpartaWeightManagementTests.swift */ = {isa = PBXFileReference; lastKnownFileType = sourcecode.swift; path = SpartaWeightManagementTests.swift; sourceTree = "<group>"; };
		23A1F48029742820008098C6 /* SpartaWeightManagementUITests.xctest */ = {isa = PBXFileReference; explicitFileType = wrapper.cfbundle; includeInIndex = 0; path = SpartaWeightManagementUITests.xctest; sourceTree = BUILT_PRODUCTS_DIR; };
		23A1F48429742820008098C6 /* SpartaWeightManagementUITests.swift */ = {isa = PBXFileReference; lastKnownFileType = sourcecode.swift; path = SpartaWeightManagementUITests.swift; sourceTree = "<group>"; };
		23A1F48629742820008098C6 /* SpartaWeightManagementUITestsLaunchTests.swift */ = {isa = PBXFileReference; lastKnownFileType = sourcecode.swift; path = SpartaWeightManagementUITestsLaunchTests.swift; sourceTree = "<group>"; };
		23A1F49329742AED008098C6 /* InputView.swift */ = {isa = PBXFileReference; lastKnownFileType = sourcecode.swift; path = InputView.swift; sourceTree = "<group>"; };
		23A1F49529742AFE008098C6 /* GraphView.swift */ = {isa = PBXFileReference; lastKnownFileType = sourcecode.swift; path = GraphView.swift; sourceTree = "<group>"; };
		23A1F49729742B74008098C6 /* TopView.swift */ = {isa = PBXFileReference; lastKnownFileType = sourcecode.swift; path = TopView.swift; sourceTree = "<group>"; };
		23A1F49B29742F4E008098C6 /* GoogleService-Info.plist */ = {isa = PBXFileReference; fileEncoding = 4; lastKnownFileType = text.plist.xml; path = "GoogleService-Info.plist"; sourceTree = "<group>"; };
/* End PBXFileReference section */

/* Begin PBXFrameworksBuildPhase section */
		23A1F4632974281F008098C6 /* Frameworks */ = {
			isa = PBXFrameworksBuildPhase;
			buildActionMask = 2147483647;
			files = (
				2360D21B297430DD00837382 /* FirebaseMessaging in Frameworks */,
				2360D215297430DD00837382 /* FirebaseAnalytics in Frameworks */,
				2360D217297430DD00837382 /* FirebaseAuth in Frameworks */,
				2360D21D297430DD00837382 /* FirebaseStorage in Frameworks */,
				2360D219297430DD00837382 /* FirebaseFirestore in Frameworks */,
				2360D23E29779B7600837382 /* FirebaseFirestoreSwift in Frameworks */,
			);
			runOnlyForDeploymentPostprocessing = 0;
		};
		23A1F47329742820008098C6 /* Frameworks */ = {
			isa = PBXFrameworksBuildPhase;
			buildActionMask = 2147483647;
			files = (
			);
			runOnlyForDeploymentPostprocessing = 0;
		};
		23A1F47D29742820008098C6 /* Frameworks */ = {
			isa = PBXFrameworksBuildPhase;
			buildActionMask = 2147483647;
			files = (
			);
			runOnlyForDeploymentPostprocessing = 0;
		};
/* End PBXFrameworksBuildPhase section */

/* Begin PBXGroup section */
		2360D2262976D41E00837382 /* Model */ = {
			isa = PBXGroup;
			children = (
				2360D2372976ECD800837382 /* Tutorial */,
				2360D23F29779C6800837382 /* User.swift */,
				2360D243297BDAC600837382 /* Weight.swift */,
			);
			path = Model;
			sourceTree = "<group>";
		};
		2360D2292976D44F00837382 /* Resource */ = {
			isa = PBXGroup;
			children = (
				2360D2272976D44200837382 /* landmarkData.json */,
			);
			path = Resource;
			sourceTree = "<group>";
		};
		2360D22A2976D4AB00837382 /* Tutorial */ = {
			isa = PBXGroup;
			children = (
				2360D2362976E9AB00837382 /* Helpers */,
				2360D2352976E99400837382 /* Landmarks */,
			);
			path = Tutorial;
			sourceTree = "<group>";
		};
		2360D2352976E99400837382 /* Landmarks */ = {
			isa = PBXGroup;
			children = (
				2360D22B2976D4CA00837382 /* LandmarkRow.swift */,
				2360D22D2976D55500837382 /* LandmarkList.swift */,
				2360D22F2976D5D600837382 /* LandmarkDetail.swift */,
			);
			path = Landmarks;
			sourceTree = "<group>";
		};
		2360D2362976E9AB00837382 /* Helpers */ = {
			isa = PBXGroup;
			children = (
				2360D2202976D32800837382 /* MapView.swift */,
				2360D21E2976D19600837382 /* CircleImage.swift */,
				2360D2332976E96E00837382 /* FavoriteButton.swift */,
			);
			path = Helpers;
			sourceTree = "<group>";
		};
		2360D2372976ECD800837382 /* Tutorial */ = {
			isa = PBXGroup;
			children = (
				2360D2222976D39A00837382 /* Landmark.swift */,
				2360D2242976D3D000837382 /* ModelData.swift */,
			);
			path = Tutorial;
			sourceTree = "<group>";
		};
		2360D2382977925200837382 /* ViewModel */ = {
			isa = PBXGroup;
			children = (
				2360D2412979223D00837382 /* InputViewModel.swift */,
			);
			path = ViewModel;
			sourceTree = "<group>";
		};
		2360D2392977926D00837382 /* Repository */ = {
			isa = PBXGroup;
			children = (
				2360D23A29779AD700837382 /* UsersRepository.swift */,
				2360D245297BDE5F00837382 /* WeightsRepository.swift */,
			);
			path = Repository;
			sourceTree = "<group>";
		};
		23A1F45D2974281F008098C6 = {
			isa = PBXGroup;
			children = (
				23A1F4682974281F008098C6 /* SpartaWeightManagement */,
				23A1F47929742820008098C6 /* SpartaWeightManagementTests */,
				23A1F48329742820008098C6 /* SpartaWeightManagementUITests */,
				23A1F4672974281F008098C6 /* Products */,
			);
			sourceTree = "<group>";
		};
		23A1F4672974281F008098C6 /* Products */ = {
			isa = PBXGroup;
			children = (
				23A1F4662974281F008098C6 /* SpartaWeightManagement.app */,
				23A1F47629742820008098C6 /* SpartaWeightManagementTests.xctest */,
				23A1F48029742820008098C6 /* SpartaWeightManagementUITests.xctest */,
			);
			name = Products;
			sourceTree = "<group>";
		};
		23A1F4682974281F008098C6 /* SpartaWeightManagement */ = {
			isa = PBXGroup;
			children = (
				2360D2392977926D00837382 /* Repository */,
				2360D2382977925200837382 /* ViewModel */,
				23A1F46F29742820008098C6 /* Preview Content */,
				23A1F46D29742820008098C6 /* Assets.xcassets */,
				23A1F49B29742F4E008098C6 /* GoogleService-Info.plist */,
				23A1F4692974281F008098C6 /* SpartaWeightManagementApp.swift */,
				2360D2292976D44F00837382 /* Resource */,
				23A1F49929742C60008098C6 /* View */,
				2360D2262976D41E00837382 /* Model */,
			);
			path = SpartaWeightManagement;
			sourceTree = "<group>";
		};
		23A1F46F29742820008098C6 /* Preview Content */ = {
			isa = PBXGroup;
			children = (
				23A1F47029742820008098C6 /* Preview Assets.xcassets */,
			);
			path = "Preview Content";
			sourceTree = "<group>";
		};
		23A1F47929742820008098C6 /* SpartaWeightManagementTests */ = {
			isa = PBXGroup;
			children = (
				23A1F47A29742820008098C6 /* SpartaWeightManagementTests.swift */,
			);
			path = SpartaWeightManagementTests;
			sourceTree = "<group>";
		};
		23A1F48329742820008098C6 /* SpartaWeightManagementUITests */ = {
			isa = PBXGroup;
			children = (
				23A1F48429742820008098C6 /* SpartaWeightManagementUITests.swift */,
				23A1F48629742820008098C6 /* SpartaWeightManagementUITestsLaunchTests.swift */,
			);
			path = SpartaWeightManagementUITests;
			sourceTree = "<group>";
		};
		23A1F49929742C60008098C6 /* View */ = {
			isa = PBXGroup;
			children = (
				23A1F46B2974281F008098C6 /* ContentView.swift */,
				23A1F49729742B74008098C6 /* TopView.swift */,
				23A1F49329742AED008098C6 /* InputView.swift */,
				23A1F49529742AFE008098C6 /* GraphView.swift */,
				2360D22A2976D4AB00837382 /* Tutorial */,
			);
			path = View;
			sourceTree = "<group>";
		};
/* End PBXGroup section */

/* Begin PBXNativeTarget section */
		23A1F4652974281F008098C6 /* SpartaWeightManagement */ = {
			isa = PBXNativeTarget;
			buildConfigurationList = 23A1F48A29742820008098C6 /* Build configuration list for PBXNativeTarget "SpartaWeightManagement" */;
			buildPhases = (
				23A1F4622974281F008098C6 /* Sources */,
				23A1F4632974281F008098C6 /* Frameworks */,
				23A1F4642974281F008098C6 /* Resources */,
			);
			buildRules = (
			);
			dependencies = (
			);
			name = SpartaWeightManagement;
			packageProductDependencies = (
				2360D214297430DD00837382 /* FirebaseAnalytics */,
				2360D216297430DD00837382 /* FirebaseAuth */,
				2360D218297430DD00837382 /* FirebaseFirestore */,
				2360D21A297430DD00837382 /* FirebaseMessaging */,
				2360D21C297430DD00837382 /* FirebaseStorage */,
				2360D23D29779B7600837382 /* FirebaseFirestoreSwift */,
			);
			productName = SpartaWeightManagement;
			productReference = 23A1F4662974281F008098C6 /* SpartaWeightManagement.app */;
			productType = "com.apple.product-type.application";
		};
		23A1F47529742820008098C6 /* SpartaWeightManagementTests */ = {
			isa = PBXNativeTarget;
			buildConfigurationList = 23A1F48D29742820008098C6 /* Build configuration list for PBXNativeTarget "SpartaWeightManagementTests" */;
			buildPhases = (
				23A1F47229742820008098C6 /* Sources */,
				23A1F47329742820008098C6 /* Frameworks */,
				23A1F47429742820008098C6 /* Resources */,
			);
			buildRules = (
			);
			dependencies = (
				23A1F47829742820008098C6 /* PBXTargetDependency */,
			);
			name = SpartaWeightManagementTests;
			productName = SpartaWeightManagementTests;
			productReference = 23A1F47629742820008098C6 /* SpartaWeightManagementTests.xctest */;
			productType = "com.apple.product-type.bundle.unit-test";
		};
		23A1F47F29742820008098C6 /* SpartaWeightManagementUITests */ = {
			isa = PBXNativeTarget;
			buildConfigurationList = 23A1F49029742820008098C6 /* Build configuration list for PBXNativeTarget "SpartaWeightManagementUITests" */;
			buildPhases = (
				23A1F47C29742820008098C6 /* Sources */,
				23A1F47D29742820008098C6 /* Frameworks */,
				23A1F47E29742820008098C6 /* Resources */,
			);
			buildRules = (
			);
			dependencies = (
				23A1F48229742820008098C6 /* PBXTargetDependency */,
			);
			name = SpartaWeightManagementUITests;
			productName = SpartaWeightManagementUITests;
			productReference = 23A1F48029742820008098C6 /* SpartaWeightManagementUITests.xctest */;
			productType = "com.apple.product-type.bundle.ui-testing";
		};
/* End PBXNativeTarget section */

/* Begin PBXProject section */
		23A1F45E2974281F008098C6 /* Project object */ = {
			isa = PBXProject;
			attributes = {
				BuildIndependentTargetsInParallel = 1;
				LastSwiftUpdateCheck = 1330;
				LastUpgradeCheck = 1330;
				TargetAttributes = {
					23A1F4652974281F008098C6 = {
						CreatedOnToolsVersion = 13.3;
					};
					23A1F47529742820008098C6 = {
						CreatedOnToolsVersion = 13.3;
						TestTargetID = 23A1F4652974281F008098C6;
					};
					23A1F47F29742820008098C6 = {
						CreatedOnToolsVersion = 13.3;
						TestTargetID = 23A1F4652974281F008098C6;
					};
				};
			};
			buildConfigurationList = 23A1F4612974281F008098C6 /* Build configuration list for PBXProject "SpartaWeightManagement" */;
			compatibilityVersion = "Xcode 13.0";
			developmentRegion = en;
			hasScannedForEncodings = 0;
			knownRegions = (
				en,
				Base,
			);
			mainGroup = 23A1F45D2974281F008098C6;
			packageReferences = (
				2360D213297430DD00837382 /* XCRemoteSwiftPackageReference "firebase-ios-sdk" */,
				2360D23C29779B7600837382 /* XCRemoteSwiftPackageReference "firebase-ios-sdk" */,
			);
			productRefGroup = 23A1F4672974281F008098C6 /* Products */;
			projectDirPath = "";
			projectRoot = "";
			targets = (
				23A1F4652974281F008098C6 /* SpartaWeightManagement */,
				23A1F47529742820008098C6 /* SpartaWeightManagementTests */,
				23A1F47F29742820008098C6 /* SpartaWeightManagementUITests */,
			);
		};
/* End PBXProject section */

/* Begin PBXResourcesBuildPhase section */
		23A1F4642974281F008098C6 /* Resources */ = {
			isa = PBXResourcesBuildPhase;
			buildActionMask = 2147483647;
			files = (
				23A1F47129742820008098C6 /* Preview Assets.xcassets in Resources */,
				2360D2282976D44200837382 /* landmarkData.json in Resources */,
				23A1F46E29742820008098C6 /* Assets.xcassets in Resources */,
				23A1F49C29742F4E008098C6 /* GoogleService-Info.plist in Resources */,
			);
			runOnlyForDeploymentPostprocessing = 0;
		};
		23A1F47429742820008098C6 /* Resources */ = {
			isa = PBXResourcesBuildPhase;
			buildActionMask = 2147483647;
			files = (
			);
			runOnlyForDeploymentPostprocessing = 0;
		};
		23A1F47E29742820008098C6 /* Resources */ = {
			isa = PBXResourcesBuildPhase;
			buildActionMask = 2147483647;
			files = (
			);
			runOnlyForDeploymentPostprocessing = 0;
		};
/* End PBXResourcesBuildPhase section */

/* Begin PBXSourcesBuildPhase section */
		23A1F4622974281F008098C6 /* Sources */ = {
			isa = PBXSourcesBuildPhase;
			buildActionMask = 2147483647;
			files = (
				2360D2212976D32800837382 /* MapView.swift in Sources */,
				2360D22E2976D55500837382 /* LandmarkList.swift in Sources */,
				2360D244297BDAC600837382 /* Weight.swift in Sources */,
				2360D246297BDE5F00837382 /* WeightsRepository.swift in Sources */,
				23A1F49429742AED008098C6 /* InputView.swift in Sources */,
				2360D2252976D3D000837382 /* ModelData.swift in Sources */,
				2360D2302976D5D600837382 /* LandmarkDetail.swift in Sources */,
				23A1F49829742B74008098C6 /* TopView.swift in Sources */,
				2360D2232976D39A00837382 /* Landmark.swift in Sources */,
				23A1F46C2974281F008098C6 /* ContentView.swift in Sources */,
				2360D24029779C6800837382 /* User.swift in Sources */,
				2360D23B29779AD700837382 /* UsersRepository.swift in Sources */,
				23A1F46A2974281F008098C6 /* SpartaWeightManagementApp.swift in Sources */,
				2360D2422979223D00837382 /* InputViewModel.swift in Sources */,
				23A1F49629742AFE008098C6 /* GraphView.swift in Sources */,
				2360D22C2976D4CA00837382 /* LandmarkRow.swift in Sources */,
				2360D21F2976D19600837382 /* CircleImage.swift in Sources */,
				2360D2342976E96E00837382 /* FavoriteButton.swift in Sources */,
			);
			runOnlyForDeploymentPostprocessing = 0;
		};
		23A1F47229742820008098C6 /* Sources */ = {
			isa = PBXSourcesBuildPhase;
			buildActionMask = 2147483647;
			files = (
				23A1F47B29742820008098C6 /* SpartaWeightManagementTests.swift in Sources */,
			);
			runOnlyForDeploymentPostprocessing = 0;
		};
		23A1F47C29742820008098C6 /* Sources */ = {
			isa = PBXSourcesBuildPhase;
			buildActionMask = 2147483647;
			files = (
				23A1F48729742820008098C6 /* SpartaWeightManagementUITestsLaunchTests.swift in Sources */,
				23A1F48529742820008098C6 /* SpartaWeightManagementUITests.swift in Sources */,
			);
			runOnlyForDeploymentPostprocessing = 0;
		};
/* End PBXSourcesBuildPhase section */

/* Begin PBXTargetDependency section */
		23A1F47829742820008098C6 /* PBXTargetDependency */ = {
			isa = PBXTargetDependency;
			target = 23A1F4652974281F008098C6 /* SpartaWeightManagement */;
			targetProxy = 23A1F47729742820008098C6 /* PBXContainerItemProxy */;
		};
		23A1F48229742820008098C6 /* PBXTargetDependency */ = {
			isa = PBXTargetDependency;
			target = 23A1F4652974281F008098C6 /* SpartaWeightManagement */;
			targetProxy = 23A1F48129742820008098C6 /* PBXContainerItemProxy */;
		};
/* End PBXTargetDependency section */

/* Begin XCBuildConfiguration section */
		23A1F48829742820008098C6 /* Debug */ = {
			isa = XCBuildConfiguration;
			buildSettings = {
				ALWAYS_SEARCH_USER_PATHS = NO;
				CLANG_ANALYZER_NONNULL = YES;
				CLANG_ANALYZER_NUMBER_OBJECT_CONVERSION = YES_AGGRESSIVE;
				CLANG_CXX_LANGUAGE_STANDARD = "gnu++17";
				CLANG_ENABLE_MODULES = YES;
				CLANG_ENABLE_OBJC_ARC = YES;
				CLANG_ENABLE_OBJC_WEAK = YES;
				CLANG_WARN_BLOCK_CAPTURE_AUTORELEASING = YES;
				CLANG_WARN_BOOL_CONVERSION = YES;
				CLANG_WARN_COMMA = YES;
				CLANG_WARN_CONSTANT_CONVERSION = YES;
				CLANG_WARN_DEPRECATED_OBJC_IMPLEMENTATIONS = YES;
				CLANG_WARN_DIRECT_OBJC_ISA_USAGE = YES_ERROR;
				CLANG_WARN_DOCUMENTATION_COMMENTS = YES;
				CLANG_WARN_EMPTY_BODY = YES;
				CLANG_WARN_ENUM_CONVERSION = YES;
				CLANG_WARN_INFINITE_RECURSION = YES;
				CLANG_WARN_INT_CONVERSION = YES;
				CLANG_WARN_NON_LITERAL_NULL_CONVERSION = YES;
				CLANG_WARN_OBJC_IMPLICIT_RETAIN_SELF = YES;
				CLANG_WARN_OBJC_LITERAL_CONVERSION = YES;
				CLANG_WARN_OBJC_ROOT_CLASS = YES_ERROR;
				CLANG_WARN_QUOTED_INCLUDE_IN_FRAMEWORK_HEADER = YES;
				CLANG_WARN_RANGE_LOOP_ANALYSIS = YES;
				CLANG_WARN_STRICT_PROTOTYPES = YES;
				CLANG_WARN_SUSPICIOUS_MOVE = YES;
				CLANG_WARN_UNGUARDED_AVAILABILITY = YES_AGGRESSIVE;
				CLANG_WARN_UNREACHABLE_CODE = YES;
				CLANG_WARN__DUPLICATE_METHOD_MATCH = YES;
				COPY_PHASE_STRIP = NO;
				DEBUG_INFORMATION_FORMAT = dwarf;
				ENABLE_STRICT_OBJC_MSGSEND = YES;
				ENABLE_TESTABILITY = YES;
				GCC_C_LANGUAGE_STANDARD = gnu11;
				GCC_DYNAMIC_NO_PIC = NO;
				GCC_NO_COMMON_BLOCKS = YES;
				GCC_OPTIMIZATION_LEVEL = 0;
				GCC_PREPROCESSOR_DEFINITIONS = (
					"DEBUG=1",
					"$(inherited)",
				);
				GCC_WARN_64_TO_32_BIT_CONVERSION = YES;
				GCC_WARN_ABOUT_RETURN_TYPE = YES_ERROR;
				GCC_WARN_UNDECLARED_SELECTOR = YES;
				GCC_WARN_UNINITIALIZED_AUTOS = YES_AGGRESSIVE;
				GCC_WARN_UNUSED_FUNCTION = YES;
				GCC_WARN_UNUSED_VARIABLE = YES;
				IPHONEOS_DEPLOYMENT_TARGET = 15.4;
				MTL_ENABLE_DEBUG_INFO = INCLUDE_SOURCE;
				MTL_FAST_MATH = YES;
				ONLY_ACTIVE_ARCH = YES;
				SDKROOT = iphoneos;
				SWIFT_ACTIVE_COMPILATION_CONDITIONS = DEBUG;
				SWIFT_OPTIMIZATION_LEVEL = "-Onone";
			};
			name = Debug;
		};
		23A1F48929742820008098C6 /* Release */ = {
			isa = XCBuildConfiguration;
			buildSettings = {
				ALWAYS_SEARCH_USER_PATHS = NO;
				CLANG_ANALYZER_NONNULL = YES;
				CLANG_ANALYZER_NUMBER_OBJECT_CONVERSION = YES_AGGRESSIVE;
				CLANG_CXX_LANGUAGE_STANDARD = "gnu++17";
				CLANG_ENABLE_MODULES = YES;
				CLANG_ENABLE_OBJC_ARC = YES;
				CLANG_ENABLE_OBJC_WEAK = YES;
				CLANG_WARN_BLOCK_CAPTURE_AUTORELEASING = YES;
				CLANG_WARN_BOOL_CONVERSION = YES;
				CLANG_WARN_COMMA = YES;
				CLANG_WARN_CONSTANT_CONVERSION = YES;
				CLANG_WARN_DEPRECATED_OBJC_IMPLEMENTATIONS = YES;
				CLANG_WARN_DIRECT_OBJC_ISA_USAGE = YES_ERROR;
				CLANG_WARN_DOCUMENTATION_COMMENTS = YES;
				CLANG_WARN_EMPTY_BODY = YES;
				CLANG_WARN_ENUM_CONVERSION = YES;
				CLANG_WARN_INFINITE_RECURSION = YES;
				CLANG_WARN_INT_CONVERSION = YES;
				CLANG_WARN_NON_LITERAL_NULL_CONVERSION = YES;
				CLANG_WARN_OBJC_IMPLICIT_RETAIN_SELF = YES;
				CLANG_WARN_OBJC_LITERAL_CONVERSION = YES;
				CLANG_WARN_OBJC_ROOT_CLASS = YES_ERROR;
				CLANG_WARN_QUOTED_INCLUDE_IN_FRAMEWORK_HEADER = YES;
				CLANG_WARN_RANGE_LOOP_ANALYSIS = YES;
				CLANG_WARN_STRICT_PROTOTYPES = YES;
				CLANG_WARN_SUSPICIOUS_MOVE = YES;
				CLANG_WARN_UNGUARDED_AVAILABILITY = YES_AGGRESSIVE;
				CLANG_WARN_UNREACHABLE_CODE = YES;
				CLANG_WARN__DUPLICATE_METHOD_MATCH = YES;
				COPY_PHASE_STRIP = NO;
				DEBUG_INFORMATION_FORMAT = "dwarf-with-dsym";
				ENABLE_NS_ASSERTIONS = NO;
				ENABLE_STRICT_OBJC_MSGSEND = YES;
				GCC_C_LANGUAGE_STANDARD = gnu11;
				GCC_NO_COMMON_BLOCKS = YES;
				GCC_WARN_64_TO_32_BIT_CONVERSION = YES;
				GCC_WARN_ABOUT_RETURN_TYPE = YES_ERROR;
				GCC_WARN_UNDECLARED_SELECTOR = YES;
				GCC_WARN_UNINITIALIZED_AUTOS = YES_AGGRESSIVE;
				GCC_WARN_UNUSED_FUNCTION = YES;
				GCC_WARN_UNUSED_VARIABLE = YES;
				IPHONEOS_DEPLOYMENT_TARGET = 15.4;
				MTL_ENABLE_DEBUG_INFO = NO;
				MTL_FAST_MATH = YES;
				SDKROOT = iphoneos;
				SWIFT_COMPILATION_MODE = wholemodule;
				SWIFT_OPTIMIZATION_LEVEL = "-O";
				VALIDATE_PRODUCT = YES;
			};
			name = Release;
		};
		23A1F48B29742820008098C6 /* Debug */ = {
			isa = XCBuildConfiguration;
			buildSettings = {
				ASSETCATALOG_COMPILER_APPICON_NAME = AppIcon;
				ASSETCATALOG_COMPILER_GLOBAL_ACCENT_COLOR_NAME = AccentColor;
				CODE_SIGN_STYLE = Automatic;
				CURRENT_PROJECT_VERSION = 1;
				DEVELOPMENT_ASSET_PATHS = "\"SpartaWeightManagement/Preview Content\"";
				DEVELOPMENT_TEAM = 666ACG7X79;
				ENABLE_PREVIEWS = YES;
				GENERATE_INFOPLIST_FILE = YES;
				INFOPLIST_KEY_UIApplicationSceneManifest_Generation = YES;
				INFOPLIST_KEY_UIApplicationSupportsIndirectInputEvents = YES;
				INFOPLIST_KEY_UILaunchScreen_Generation = YES;
				INFOPLIST_KEY_UISupportedInterfaceOrientations_iPad = "UIInterfaceOrientationPortrait UIInterfaceOrientationPortraitUpsideDown UIInterfaceOrientationLandscapeLeft UIInterfaceOrientationLandscapeRight";
				INFOPLIST_KEY_UISupportedInterfaceOrientations_iPhone = "UIInterfaceOrientationPortrait UIInterfaceOrientationLandscapeLeft UIInterfaceOrientationLandscapeRight";
				LD_RUNPATH_SEARCH_PATHS = (
					"$(inherited)",
					"@executable_path/Frameworks",
				);
				MARKETING_VERSION = 1.0;
				PRODUCT_BUNDLE_IDENTIFIER = com.naokiwakata.SpartaWeightManagement;
				PRODUCT_NAME = "$(TARGET_NAME)";
				SWIFT_EMIT_LOC_STRINGS = YES;
				SWIFT_VERSION = 5.0;
				TARGETED_DEVICE_FAMILY = "1,2";
			};
			name = Debug;
		};
		23A1F48C29742820008098C6 /* Release */ = {
			isa = XCBuildConfiguration;
			buildSettings = {
				ASSETCATALOG_COMPILER_APPICON_NAME = AppIcon;
				ASSETCATALOG_COMPILER_GLOBAL_ACCENT_COLOR_NAME = AccentColor;
				CODE_SIGN_STYLE = Automatic;
				CURRENT_PROJECT_VERSION = 1;
				DEVELOPMENT_ASSET_PATHS = "\"SpartaWeightManagement/Preview Content\"";
				DEVELOPMENT_TEAM = 666ACG7X79;
				ENABLE_PREVIEWS = YES;
				GENERATE_INFOPLIST_FILE = YES;
				INFOPLIST_KEY_UIApplicationSceneManifest_Generation = YES;
				INFOPLIST_KEY_UIApplicationSupportsIndirectInputEvents = YES;
				INFOPLIST_KEY_UILaunchScreen_Generation = YES;
				INFOPLIST_KEY_UISupportedInterfaceOrientations_iPad = "UIInterfaceOrientationPortrait UIInterfaceOrientationPortraitUpsideDown UIInterfaceOrientationLandscapeLeft UIInterfaceOrientationLandscapeRight";
				INFOPLIST_KEY_UISupportedInterfaceOrientations_iPhone = "UIInterfaceOrientationPortrait UIInterfaceOrientationLandscapeLeft UIInterfaceOrientationLandscapeRight";
				LD_RUNPATH_SEARCH_PATHS = (
					"$(inherited)",
					"@executable_path/Frameworks",
				);
				MARKETING_VERSION = 1.0;
				PRODUCT_BUNDLE_IDENTIFIER = com.naokiwakata.SpartaWeightManagement;
				PRODUCT_NAME = "$(TARGET_NAME)";
				SWIFT_EMIT_LOC_STRINGS = YES;
				SWIFT_VERSION = 5.0;
				TARGETED_DEVICE_FAMILY = "1,2";
			};
			name = Release;
		};
		23A1F48E29742820008098C6 /* Debug */ = {
			isa = XCBuildConfiguration;
			buildSettings = {
				ALWAYS_EMBED_SWIFT_STANDARD_LIBRARIES = YES;
				BUNDLE_LOADER = "$(TEST_HOST)";
				CODE_SIGN_STYLE = Automatic;
				CURRENT_PROJECT_VERSION = 1;
				DEVELOPMENT_TEAM = 666ACG7X79;
				GENERATE_INFOPLIST_FILE = YES;
				IPHONEOS_DEPLOYMENT_TARGET = 15.4;
				MARKETING_VERSION = 1.0;
				PRODUCT_BUNDLE_IDENTIFIER = com.naokiwakata.SpartaWeightManagementTests;
				PRODUCT_NAME = "$(TARGET_NAME)";
				SWIFT_EMIT_LOC_STRINGS = NO;
				SWIFT_VERSION = 5.0;
				TARGETED_DEVICE_FAMILY = "1,2";
				TEST_HOST = "$(BUILT_PRODUCTS_DIR)/SpartaWeightManagement.app/SpartaWeightManagement";
			};
			name = Debug;
		};
		23A1F48F29742820008098C6 /* Release */ = {
			isa = XCBuildConfiguration;
			buildSettings = {
				ALWAYS_EMBED_SWIFT_STANDARD_LIBRARIES = YES;
				BUNDLE_LOADER = "$(TEST_HOST)";
				CODE_SIGN_STYLE = Automatic;
				CURRENT_PROJECT_VERSION = 1;
				DEVELOPMENT_TEAM = 666ACG7X79;
				GENERATE_INFOPLIST_FILE = YES;
				IPHONEOS_DEPLOYMENT_TARGET = 15.4;
				MARKETING_VERSION = 1.0;
				PRODUCT_BUNDLE_IDENTIFIER = com.naokiwakata.SpartaWeightManagementTests;
				PRODUCT_NAME = "$(TARGET_NAME)";
				SWIFT_EMIT_LOC_STRINGS = NO;
				SWIFT_VERSION = 5.0;
				TARGETED_DEVICE_FAMILY = "1,2";
				TEST_HOST = "$(BUILT_PRODUCTS_DIR)/SpartaWeightManagement.app/SpartaWeightManagement";
			};
			name = Release;
		};
		23A1F49129742820008098C6 /* Debug */ = {
			isa = XCBuildConfiguration;
			buildSettings = {
				ALWAYS_EMBED_SWIFT_STANDARD_LIBRARIES = YES;
				CODE_SIGN_STYLE = Automatic;
				CURRENT_PROJECT_VERSION = 1;
				DEVELOPMENT_TEAM = 666ACG7X79;
				GENERATE_INFOPLIST_FILE = YES;
				MARKETING_VERSION = 1.0;
				PRODUCT_BUNDLE_IDENTIFIER = com.naokiwakata.SpartaWeightManagementUITests;
				PRODUCT_NAME = "$(TARGET_NAME)";
				SWIFT_EMIT_LOC_STRINGS = NO;
				SWIFT_VERSION = 5.0;
				TARGETED_DEVICE_FAMILY = "1,2";
				TEST_TARGET_NAME = SpartaWeightManagement;
			};
			name = Debug;
		};
		23A1F49229742820008098C6 /* Release */ = {
			isa = XCBuildConfiguration;
			buildSettings = {
				ALWAYS_EMBED_SWIFT_STANDARD_LIBRARIES = YES;
				CODE_SIGN_STYLE = Automatic;
				CURRENT_PROJECT_VERSION = 1;
				DEVELOPMENT_TEAM = 666ACG7X79;
				GENERATE_INFOPLIST_FILE = YES;
				MARKETING_VERSION = 1.0;
				PRODUCT_BUNDLE_IDENTIFIER = com.naokiwakata.SpartaWeightManagementUITests;
				PRODUCT_NAME = "$(TARGET_NAME)";
				SWIFT_EMIT_LOC_STRINGS = NO;
				SWIFT_VERSION = 5.0;
				TARGETED_DEVICE_FAMILY = "1,2";
				TEST_TARGET_NAME = SpartaWeightManagement;
			};
			name = Release;
		};
/* End XCBuildConfiguration section */

/* Begin XCConfigurationList section */
		23A1F4612974281F008098C6 /* Build configuration list for PBXProject "SpartaWeightManagement" */ = {
			isa = XCConfigurationList;
			buildConfigurations = (
				23A1F48829742820008098C6 /* Debug */,
				23A1F48929742820008098C6 /* Release */,
			);
			defaultConfigurationIsVisible = 0;
			defaultConfigurationName = Release;
		};
		23A1F48A29742820008098C6 /* Build configuration list for PBXNativeTarget "SpartaWeightManagement" */ = {
			isa = XCConfigurationList;
			buildConfigurations = (
				23A1F48B29742820008098C6 /* Debug */,
				23A1F48C29742820008098C6 /* Release */,
			);
			defaultConfigurationIsVisible = 0;
			defaultConfigurationName = Release;
		};
		23A1F48D29742820008098C6 /* Build configuration list for PBXNativeTarget "SpartaWeightManagementTests" */ = {
			isa = XCConfigurationList;
			buildConfigurations = (
				23A1F48E29742820008098C6 /* Debug */,
				23A1F48F29742820008098C6 /* Release */,
			);
			defaultConfigurationIsVisible = 0;
			defaultConfigurationName = Release;
		};
		23A1F49029742820008098C6 /* Build configuration list for PBXNativeTarget "SpartaWeightManagementUITests" */ = {
			isa = XCConfigurationList;
			buildConfigurations = (
				23A1F49129742820008098C6 /* Debug */,
				23A1F49229742820008098C6 /* Release */,
			);
			defaultConfigurationIsVisible = 0;
			defaultConfigurationName = Release;
		};
/* End XCConfigurationList section */

/* Begin XCRemoteSwiftPackageReference section */
		2360D213297430DD00837382 /* XCRemoteSwiftPackageReference "firebase-ios-sdk" */ = {
			isa = XCRemoteSwiftPackageReference;
			repositoryURL = "https://github.com/firebase/firebase-ios-sdk";
			requirement = {
				kind = upToNextMajorVersion;
				minimumVersion = 9.0.0;
			};
		};
		2360D23C29779B7600837382 /* XCRemoteSwiftPackageReference "firebase-ios-sdk" */ = {
			isa = XCRemoteSwiftPackageReference;
			repositoryURL = "https://github.com/firebase/firebase-ios-sdk";
			requirement = {
				kind = upToNextMajorVersion;
				minimumVersion = 9.0.0;
			};
		};
/* End XCRemoteSwiftPackageReference section */

/* Begin XCSwiftPackageProductDependency section */
		2360D214297430DD00837382 /* FirebaseAnalytics */ = {
			isa = XCSwiftPackageProductDependency;
			package = 2360D213297430DD00837382 /* XCRemoteSwiftPackageReference "firebase-ios-sdk" */;
			productName = FirebaseAnalytics;
		};
		2360D216297430DD00837382 /* FirebaseAuth */ = {
			isa = XCSwiftPackageProductDependency;
			package = 2360D213297430DD00837382 /* XCRemoteSwiftPackageReference "firebase-ios-sdk" */;
			productName = FirebaseAuth;
		};
		2360D218297430DD00837382 /* FirebaseFirestore */ = {
			isa = XCSwiftPackageProductDependency;
			package = 2360D213297430DD00837382 /* XCRemoteSwiftPackageReference "firebase-ios-sdk" */;
			productName = FirebaseFirestore;
		};
		2360D21A297430DD00837382 /* FirebaseMessaging */ = {
			isa = XCSwiftPackageProductDependency;
			package = 2360D213297430DD00837382 /* XCRemoteSwiftPackageReference "firebase-ios-sdk" */;
			productName = FirebaseMessaging;
		};
		2360D21C297430DD00837382 /* FirebaseStorage */ = {
			isa = XCSwiftPackageProductDependency;
			package = 2360D213297430DD00837382 /* XCRemoteSwiftPackageReference "firebase-ios-sdk" */;
			productName = FirebaseStorage;
		};
		2360D23D29779B7600837382 /* FirebaseFirestoreSwift */ = {
			isa = XCSwiftPackageProductDependency;
			package = 2360D213297430DD00837382 /* XCRemoteSwiftPackageReference "firebase-ios-sdk" */;
			productName = FirebaseFirestoreSwift;
		};
/* End XCSwiftPackageProductDependency section */
	};
	rootObject = 23A1F45E2974281F008098C6 /* Project object */;
}
